
Microsoft Visual Studio Solution File, Format Version 12.00
# Visual Studio Version 16
VisualStudioVersion = 16.0.31911.196
MinimumVisualStudioVersion = 10.0.40219.1
Project("{9A19103F-16F7-4668-BE54-9A1E7A4F7556}") = "sharpTransDiagram", "sharpTransDiagram\sharpTransDiagram.csproj", "{F22DA19E-2FBD-47BA-B082-1773DA07A026}"
EndProject
Global
	GlobalSection(SolutionConfigurationPlatforms) = preSolution
		Debug|Any CPU = Debug|Any CPU
		Release|Any CPU = Release|Any CPU
	EndGlobalSection
	GlobalSection(ProjectConfigurationPlatforms) = postSolution
		{F22DA19E-2FBD-47BA-B082-1773DA07A026}.Debug|Any CPU.ActiveCfg = Debug|Any CPU
		{F22DA19E-2FBD-47BA-B082-1773DA07A026}.Debug|Any CPU.Build.0 = Debug|Any CPU
		{F22DA19E-2FBD-47BA-B082-1773DA07A026}.Release|Any CPU.ActiveCfg = Release|Any CPU
		{F22DA19E-2FBD-47BA-B082-1773DA07A026}.Release|Any CPU.Build.0 = Release|Any CPU
	EndGlobalSection
	GlobalSection(SolutionProperties) = preSolution
		HideSolutionNode = FALSE
	EndGlobalSection
	GlobalSection(ExtensibilityGlobals) = postSolution
		SolutionGuid = {884632A6-7AC1-4CCE-909F-F7857CC488FB}
	EndGlobalSection
EndGlobal
